
Microsoft Visual Studio Solution File, Format Version 12.00
# Visual Studio Version 17
VisualStudioVersion = 17.10.34916.146
MinimumVisualStudioVersion = 10.0.40219.1
Project("{FAE04EC0-301F-11D3-BF4B-00C04F79EFBC}") = "IOt_TEST", "IOt_TEST\IOt_TEST.csproj", "{C86BA83C-0C62-4A0C-8E9D-715B1F93635C}"
EndProject
Global
	GlobalSection(SolutionConfigurationPlatforms) = preSolution
		Debug|Any CPU = Debug|Any CPU
		Release|Any CPU = Release|Any CPU
	EndGlobalSection
	GlobalSection(ProjectConfigurationPlatforms) = postSolution
		{C86BA83C-0C62-4A0C-8E9D-715B1F93635C}.Debug|Any CPU.ActiveCfg = Debug|Any CPU
		{C86BA83C-0C62-4A0C-8E9D-715B1F93635C}.Debug|Any CPU.Build.0 = Debug|Any CPU
		{C86BA83C-0C62-4A0C-8E9D-715B1F93635C}.Release|Any CPU.ActiveCfg = Release|Any CPU
		{C86BA83C-0C62-4A0C-8E9D-715B1F93635C}.Release|Any CPU.Build.0 = Release|Any CPU
	EndGlobalSection
	GlobalSection(SolutionProperties) = preSolution
		HideSolutionNode = FALSE
	EndGlobalSection
	GlobalSection(ExtensibilityGlobals) = postSolution
		SolutionGuid = {B65BD08D-18C2-4ACB-B2BD-E9D1196A05BA}
	EndGlobalSection
EndGlobal
